// !$*UTF8*$!
{
	archiveVersion = 1;
	classes = {
	};
	objectVersion = 56;
	objects = {

/* Begin PBXBuildFile section */
		D8C7D8A82B4B0F8A00A7B974 /* Apple_Framework_Module.h in Headers */ = {isa = PBXBuildFile; fileRef = D8C7D8A72B4B0F8A00A7B974 /* Apple_Framework_Module.h */; settings = {ATTRIBUTES = (Public, ); }; };
		D8C7D8B72B4B0FF400A7B974 /* Assets.xcassets in Resources */ = {isa = PBXBuildFile; fileRef = D8C7D8B62B4B0FF400A7B974 /* Assets.xcassets */; };
		D8C7D8BA2B4B116F00A7B974 /* FrameworkModel.swift in Sources */ = {isa = PBXBuildFile; fileRef = D8C7D8B92B4B116F00A7B974 /* FrameworkModel.swift */; };
		D8C7D8BC2B4B1F5F00A7B974 /* FrameworkDetailView.swift in Sources */ = {isa = PBXBuildFile; fileRef = D8C7D8BB2B4B1F5F00A7B974 /* FrameworkDetailView.swift */; };
		D8C7D8BE2B4B282B00A7B974 /* FrameworkGridViewViewModel.swift in Sources */ = {isa = PBXBuildFile; fileRef = D8C7D8BD2B4B282B00A7B974 /* FrameworkGridViewViewModel.swift */; };
		D8C7D8C02B4B2A6B00A7B974 /* FrameworkGridView.swift in Sources */ = {isa = PBXBuildFile; fileRef = D8C7D8BF2B4B2A6B00A7B974 /* FrameworkGridView.swift */; };
		D8C7D8C32B4BC00100A7B974 /* SafariView.swift in Sources */ = {isa = PBXBuildFile; fileRef = D8C7D8C22B4BC00100A7B974 /* SafariView.swift */; };
		D8C7D8C52B4BC4E300A7B974 /* FrameworkItemView.swift in Sources */ = {isa = PBXBuildFile; fileRef = D8C7D8C42B4BC4E300A7B974 /* FrameworkItemView.swift */; };
		D8C7D8CC2B4BC73C00A7B974 /* AFButton.swift in Sources */ = {isa = PBXBuildFile; fileRef = D8C7D8CB2B4BC73C00A7B974 /* AFButton.swift */; };
/* End PBXBuildFile section */

/* Begin PBXFileReference section */
		D8C7D8A42B4B0F8A00A7B974 /* Apple_Framework_Module.framework */ = {isa = PBXFileReference; explicitFileType = wrapper.framework; includeInIndex = 0; path = Apple_Framework_Module.framework; sourceTree = BUILT_PRODUCTS_DIR; };
		D8C7D8A72B4B0F8A00A7B974 /* Apple_Framework_Module.h */ = {isa = PBXFileReference; lastKnownFileType = sourcecode.c.h; path = Apple_Framework_Module.h; sourceTree = "<group>"; };
		D8C7D8B62B4B0FF400A7B974 /* Assets.xcassets */ = {isa = PBXFileReference; lastKnownFileType = folder.assetcatalog; path = Assets.xcassets; sourceTree = "<group>"; };
		D8C7D8B92B4B116F00A7B974 /* FrameworkModel.swift */ = {isa = PBXFileReference; lastKnownFileType = sourcecode.swift; path = FrameworkModel.swift; sourceTree = "<group>"; };
		D8C7D8BB2B4B1F5F00A7B974 /* FrameworkDetailView.swift */ = {isa = PBXFileReference; lastKnownFileType = sourcecode.swift; path = FrameworkDetailView.swift; sourceTree = "<group>"; };
		D8C7D8BD2B4B282B00A7B974 /* FrameworkGridViewViewModel.swift */ = {isa = PBXFileReference; lastKnownFileType = sourcecode.swift; path = FrameworkGridViewViewModel.swift; sourceTree = "<group>"; };
		D8C7D8BF2B4B2A6B00A7B974 /* FrameworkGridView.swift */ = {isa = PBXFileReference; lastKnownFileType = sourcecode.swift; path = FrameworkGridView.swift; sourceTree = "<group>"; };
		D8C7D8C22B4BC00100A7B974 /* SafariView.swift */ = {isa = PBXFileReference; lastKnownFileType = sourcecode.swift; path = SafariView.swift; sourceTree = "<group>"; };
		D8C7D8C42B4BC4E300A7B974 /* FrameworkItemView.swift */ = {isa = PBXFileReference; lastKnownFileType = sourcecode.swift; path = FrameworkItemView.swift; sourceTree = "<group>"; };
		D8C7D8CB2B4BC73C00A7B974 /* AFButton.swift */ = {isa = PBXFileReference; lastKnownFileType = sourcecode.swift; path = AFButton.swift; sourceTree = "<group>"; };
/* End PBXFileReference section */

/* Begin PBXFrameworksBuildPhase section */
		D8C7D8A12B4B0F8A00A7B974 /* Frameworks */ = {
			isa = PBXFrameworksBuildPhase;
			buildActionMask = 2147483647;
			files = (
			);
			runOnlyForDeploymentPostprocessing = 0;
		};
/* End PBXFrameworksBuildPhase section */

/* Begin PBXGroup section */
		D8C7D89A2B4B0F8A00A7B974 = {
			isa = PBXGroup;
			children = (
				D8C7D8A62B4B0F8A00A7B974 /* Apple-Framework-Module */,
				D8C7D8A52B4B0F8A00A7B974 /* Products */,
			);
			sourceTree = "<group>";
		};
		D8C7D8A52B4B0F8A00A7B974 /* Products */ = {
			isa = PBXGroup;
			children = (
				D8C7D8A42B4B0F8A00A7B974 /* Apple_Framework_Module.framework */,
			);
			name = Products;
			sourceTree = "<group>";
		};
		D8C7D8A62B4B0F8A00A7B974 /* Apple-Framework-Module */ = {
			isa = PBXGroup;
			children = (
				D8C7D8C92B4BC70C00A7B974 /* Views */,
				D8C7D8C62B4BC6C600A7B974 /* Screens */,
				D8C7D8B82B4B115500A7B974 /* Models */,
				D8C7D8A72B4B0F8A00A7B974 /* Apple_Framework_Module.h */,
				D8C7D8B62B4B0FF400A7B974 /* Assets.xcassets */,
			);
			path = "Apple-Framework-Module";
			sourceTree = "<group>";
		};
		D8C7D8B82B4B115500A7B974 /* Models */ = {
			isa = PBXGroup;
			children = (
				D8C7D8B92B4B116F00A7B974 /* FrameworkModel.swift */,
			);
			path = Models;
			sourceTree = "<group>";
		};
		D8C7D8C62B4BC6C600A7B974 /* Screens */ = {
			isa = PBXGroup;
			children = (
				D8C7D8CD2B4BC7BA00A7B974 /* FramworkDetail */,
				D8C7D8C82B4BC6E900A7B974 /* FrameworkGridScreen */,
			);
			path = Screens;
			sourceTree = "<group>";
		};
		D8C7D8C82B4BC6E900A7B974 /* FrameworkGridScreen */ = {
			isa = PBXGroup;
			children = (
				D8C7D8BF2B4B2A6B00A7B974 /* FrameworkGridView.swift */,
				D8C7D8BD2B4B282B00A7B974 /* FrameworkGridViewViewModel.swift */,
			);
			path = FrameworkGridScreen;
			sourceTree = "<group>";
		};
		D8C7D8C92B4BC70C00A7B974 /* Views */ = {
			isa = PBXGroup;
			children = (
				D8C7D8CE2B4BC83200A7B974 /* UIKitComponents */,
				D8C7D8CB2B4BC73C00A7B974 /* AFButton.swift */,
				D8C7D8C42B4BC4E300A7B974 /* FrameworkItemView.swift */,
			);
			path = Views;
			sourceTree = "<group>";
		};
		D8C7D8CD2B4BC7BA00A7B974 /* FramworkDetail */ = {
			isa = PBXGroup;
			children = (
				D8C7D8BB2B4B1F5F00A7B974 /* FrameworkDetailView.swift */,
			);
			path = FramworkDetail;
			sourceTree = "<group>";
		};
		D8C7D8CE2B4BC83200A7B974 /* UIKitComponents */ = {
			isa = PBXGroup;
			children = (
				D8C7D8C22B4BC00100A7B974 /* SafariView.swift */,
			);
			path = UIKitComponents;
			sourceTree = "<group>";
		};
/* End PBXGroup section */

/* Begin PBXHeadersBuildPhase section */
		D8C7D89F2B4B0F8A00A7B974 /* Headers */ = {
			isa = PBXHeadersBuildPhase;
			buildActionMask = 2147483647;
			files = (
				D8C7D8A82B4B0F8A00A7B974 /* Apple_Framework_Module.h in Headers */,
			);
			runOnlyForDeploymentPostprocessing = 0;
		};
/* End PBXHeadersBuildPhase section */

/* Begin PBXNativeTarget section */
		D8C7D8A32B4B0F8A00A7B974 /* Apple-Framework-Module */ = {
			isa = PBXNativeTarget;
			buildConfigurationList = D8C7D8AB2B4B0F8A00A7B974 /* Build configuration list for PBXNativeTarget "Apple-Framework-Module" */;
			buildPhases = (
				D8C7D89F2B4B0F8A00A7B974 /* Headers */,
				D8C7D8A02B4B0F8A00A7B974 /* Sources */,
				D8C7D8A12B4B0F8A00A7B974 /* Frameworks */,
				D8C7D8A22B4B0F8A00A7B974 /* Resources */,
			);
			buildRules = (
			);
			dependencies = (
			);
			name = "Apple-Framework-Module";
			productName = "Apple-Framework-Module";
			productReference = D8C7D8A42B4B0F8A00A7B974 /* Apple_Framework_Module.framework */;
			productType = "com.apple.product-type.framework";
		};
/* End PBXNativeTarget section */

/* Begin PBXProject section */
		D8C7D89B2B4B0F8A00A7B974 /* Project object */ = {
			isa = PBXProject;
			attributes = {
				BuildIndependentTargetsInParallel = 1;
				LastUpgradeCheck = 1500;
				TargetAttributes = {
					D8C7D8A32B4B0F8A00A7B974 = {
						CreatedOnToolsVersion = 15.0.1;
						LastSwiftMigration = 1500;
					};
				};
			};
			buildConfigurationList = D8C7D89E2B4B0F8A00A7B974 /* Build configuration list for PBXProject "Apple-Framework-Module" */;
			compatibilityVersion = "Xcode 14.0";
			developmentRegion = en;
			hasScannedForEncodings = 0;
			knownRegions = (
				en,
				Base,
			);
			mainGroup = D8C7D89A2B4B0F8A00A7B974;
			productRefGroup = D8C7D8A52B4B0F8A00A7B974 /* Products */;
			projectDirPath = "";
			projectRoot = "";
			targets = (
				D8C7D8A32B4B0F8A00A7B974 /* Apple-Framework-Module */,
			);
		};
/* End PBXProject section */

/* Begin PBXResourcesBuildPhase section */
		D8C7D8A22B4B0F8A00A7B974 /* Resources */ = {
			isa = PBXResourcesBuildPhase;
			buildActionMask = 2147483647;
			files = (
				D8C7D8B72B4B0FF400A7B974 /* Assets.xcassets in Resources */,
			);
			runOnlyForDeploymentPostprocessing = 0;
		};
/* End PBXResourcesBuildPhase section */

/* Begin PBXSourcesBuildPhase section */
		D8C7D8A02B4B0F8A00A7B974 /* Sources */ = {
			isa = PBXSourcesBuildPhase;
			buildActionMask = 2147483647;
			files = (
				D8C7D8CC2B4BC73C00A7B974 /* AFButton.swift in Sources */,
				D8C7D8C52B4BC4E300A7B974 /* FrameworkItemView.swift in Sources */,
				D8C7D8C02B4B2A6B00A7B974 /* FrameworkGridView.swift in Sources */,
				D8C7D8BE2B4B282B00A7B974 /* FrameworkGridViewViewModel.swift in Sources */,
				D8C7D8BC2B4B1F5F00A7B974 /* FrameworkDetailView.swift in Sources */,
				D8C7D8BA2B4B116F00A7B974 /* FrameworkModel.swift in Sources */,
				D8C7D8C32B4BC00100A7B974 /* SafariView.swift in Sources */,
			);
			runOnlyForDeploymentPostprocessing = 0;
		};
/* End PBXSourcesBuildPhase section */

/* Begin XCBuildConfiguration section */
		D8C7D8A92B4B0F8A00A7B974 /* Debug */ = {
			isa = XCBuildConfiguration;
			buildSettings = {
				ALWAYS_SEARCH_USER_PATHS = NO;
				ASSETCATALOG_COMPILER_GENERATE_SWIFT_ASSET_SYMBOL_EXTENSIONS = YES;
				CLANG_ANALYZER_NONNULL = YES;
				CLANG_ANALYZER_NUMBER_OBJECT_CONVERSION = YES_AGGRESSIVE;
				CLANG_CXX_LANGUAGE_STANDARD = "gnu++20";
				CLANG_ENABLE_MODULES = YES;
				CLANG_ENABLE_OBJC_ARC = YES;
				CLANG_ENABLE_OBJC_WEAK = YES;
				CLANG_WARN_BLOCK_CAPTURE_AUTORELEASING = YES;
				CLANG_WARN_BOOL_CONVERSION = YES;
				CLANG_WARN_COMMA = YES;
				CLANG_WARN_CONSTANT_CONVERSION = YES;
				CLANG_WARN_DEPRECATED_OBJC_IMPLEMENTATIONS = YES;
				CLANG_WARN_DIRECT_OBJC_ISA_USAGE = YES_ERROR;
				CLANG_WARN_DOCUMENTATION_COMMENTS = YES;
				CLANG_WARN_EMPTY_BODY = YES;
				CLANG_WARN_ENUM_CONVERSION = YES;
				CLANG_WARN_INFINITE_RECURSION = YES;
				CLANG_WARN_INT_CONVERSION = YES;
				CLANG_WARN_NON_LITERAL_NULL_CONVERSION = YES;
				CLANG_WARN_OBJC_IMPLICIT_RETAIN_SELF = YES;
				CLANG_WARN_OBJC_LITERAL_CONVERSION = YES;
				CLANG_WARN_OBJC_ROOT_CLASS = YES_ERROR;
				CLANG_WARN_QUOTED_INCLUDE_IN_FRAMEWORK_HEADER = YES;
				CLANG_WARN_RANGE_LOOP_ANALYSIS = YES;
				CLANG_WARN_STRICT_PROTOTYPES = YES;
				CLANG_WARN_SUSPICIOUS_MOVE = YES;
				CLANG_WARN_UNGUARDED_AVAILABILITY = YES_AGGRESSIVE;
				CLANG_WARN_UNREACHABLE_CODE = YES;
				CLANG_WARN__DUPLICATE_METHOD_MATCH = YES;
				COPY_PHASE_STRIP = NO;
				CURRENT_PROJECT_VERSION = 1;
				DEBUG_INFORMATION_FORMAT = dwarf;
				ENABLE_STRICT_OBJC_MSGSEND = YES;
				ENABLE_TESTABILITY = YES;
				ENABLE_USER_SCRIPT_SANDBOXING = YES;
				GCC_C_LANGUAGE_STANDARD = gnu17;
				GCC_DYNAMIC_NO_PIC = NO;
				GCC_NO_COMMON_BLOCKS = YES;
				GCC_OPTIMIZATION_LEVEL = 0;
				GCC_PREPROCESSOR_DEFINITIONS = (
					"DEBUG=1",
					"$(inherited)",
				);
				GCC_WARN_64_TO_32_BIT_CONVERSION = YES;
				GCC_WARN_ABOUT_RETURN_TYPE = YES_ERROR;
				GCC_WARN_UNDECLARED_SELECTOR = YES;
				GCC_WARN_UNINITIALIZED_AUTOS = YES_AGGRESSIVE;
				GCC_WARN_UNUSED_FUNCTION = YES;
				GCC_WARN_UNUSED_VARIABLE = YES;
				IPHONEOS_DEPLOYMENT_TARGET = 17.0;
				LOCALIZATION_PREFERS_STRING_CATALOGS = YES;
				MTL_ENABLE_DEBUG_INFO = INCLUDE_SOURCE;
				MTL_FAST_MATH = YES;
				ONLY_ACTIVE_ARCH = YES;
				SDKROOT = iphoneos;
				SWIFT_ACTIVE_COMPILATION_CONDITIONS = "DEBUG $(inherited)";
				SWIFT_OPTIMIZATION_LEVEL = "-Onone";
				VERSIONING_SYSTEM = "apple-generic";
				VERSION_INFO_PREFIX = "";
			};
			name = Debug;
		};
		D8C7D8AA2B4B0F8A00A7B974 /* Release */ = {
			isa = XCBuildConfiguration;
			buildSettings = {
				ALWAYS_SEARCH_USER_PATHS = NO;
				ASSETCATALOG_COMPILER_GENERATE_SWIFT_ASSET_SYMBOL_EXTENSIONS = YES;
				CLANG_ANALYZER_NONNULL = YES;
				CLANG_ANALYZER_NUMBER_OBJECT_CONVERSION = YES_AGGRESSIVE;
				CLANG_CXX_LANGUAGE_STANDARD = "gnu++20";
				CLANG_ENABLE_MODULES = YES;
				CLANG_ENABLE_OBJC_ARC = YES;
				CLANG_ENABLE_OBJC_WEAK = YES;
				CLANG_WARN_BLOCK_CAPTURE_AUTORELEASING = YES;
				CLANG_WARN_BOOL_CONVERSION = YES;
				CLANG_WARN_COMMA = YES;
				CLANG_WARN_CONSTANT_CONVERSION = YES;
				CLANG_WARN_DEPRECATED_OBJC_IMPLEMENTATIONS = YES;
				CLANG_WARN_DIRECT_OBJC_ISA_USAGE = YES_ERROR;
				CLANG_WARN_DOCUMENTATION_COMMENTS = YES;
				CLANG_WARN_EMPTY_BODY = YES;
				CLANG_WARN_ENUM_CONVERSION = YES;
				CLANG_WARN_INFINITE_RECURSION = YES;
				CLANG_WARN_INT_CONVERSION = YES;
				CLANG_WARN_NON_LITERAL_NULL_CONVERSION = YES;
				CLANG_WARN_OBJC_IMPLICIT_RETAIN_SELF = YES;
				CLANG_WARN_OBJC_LITERAL_CONVERSION = YES;
				CLANG_WARN_OBJC_ROOT_CLASS = YES_ERROR;
				CLANG_WARN_QUOTED_INCLUDE_IN_FRAMEWORK_HEADER = YES;
				CLANG_WARN_RANGE_LOOP_ANALYSIS = YES;
				CLANG_WARN_STRICT_PROTOTYPES = YES;
				CLANG_WARN_SUSPICIOUS_MOVE = YES;
				CLANG_WARN_UNGUARDED_AVAILABILITY = YES_AGGRESSIVE;
				CLANG_WARN_UNREACHABLE_CODE = YES;
				CLANG_WARN__DUPLICATE_METHOD_MATCH = YES;
				COPY_PHASE_STRIP = NO;
				CURRENT_PROJECT_VERSION = 1;
				DEBUG_INFORMATION_FORMAT = "dwarf-with-dsym";
				ENABLE_NS_ASSERTIONS = NO;
				ENABLE_STRICT_OBJC_MSGSEND = YES;
				ENABLE_USER_SCRIPT_SANDBOXING = YES;
				GCC_C_LANGUAGE_STANDARD = gnu17;
				GCC_NO_COMMON_BLOCKS = YES;
				GCC_WARN_64_TO_32_BIT_CONVERSION = YES;
				GCC_WARN_ABOUT_RETURN_TYPE = YES_ERROR;
				GCC_WARN_UNDECLARED_SELECTOR = YES;
				GCC_WARN_UNINITIALIZED_AUTOS = YES_AGGRESSIVE;
				GCC_WARN_UNUSED_FUNCTION = YES;
				GCC_WARN_UNUSED_VARIABLE = YES;
				IPHONEOS_DEPLOYMENT_TARGET = 17.0;
				LOCALIZATION_PREFERS_STRING_CATALOGS = YES;
				MTL_ENABLE_DEBUG_INFO = NO;
				MTL_FAST_MATH = YES;
				SDKROOT = iphoneos;
				SWIFT_COMPILATION_MODE = wholemodule;
				VALIDATE_PRODUCT = YES;
				VERSIONING_SYSTEM = "apple-generic";
				VERSION_INFO_PREFIX = "";
			};
			name = Release;
		};
		D8C7D8AC2B4B0F8A00A7B974 /* Debug */ = {
			isa = XCBuildConfiguration;
			buildSettings = {
				CLANG_ENABLE_MODULES = YES;
				CODE_SIGN_STYLE = Automatic;
				CURRENT_PROJECT_VERSION = 1;
				DEFINES_MODULE = YES;
				DYLIB_COMPATIBILITY_VERSION = 1;
				DYLIB_CURRENT_VERSION = 1;
				DYLIB_INSTALL_NAME_BASE = "@rpath";
				ENABLE_MODULE_VERIFIER = YES;
				GENERATE_INFOPLIST_FILE = YES;
				INFOPLIST_KEY_NSHumanReadableCopyright = "";
				INSTALL_PATH = "$(LOCAL_LIBRARY_DIR)/Frameworks";
				LD_RUNPATH_SEARCH_PATHS = (
					"$(inherited)",
					"@executable_path/Frameworks",
					"@loader_path/Frameworks",
				);
				MARKETING_VERSION = 1.0;
				MODULE_VERIFIER_SUPPORTED_LANGUAGES = "objective-c objective-c++";
				MODULE_VERIFIER_SUPPORTED_LANGUAGE_STANDARDS = "gnu17 gnu++20";
				PRODUCT_BUNDLE_IDENTIFIER = "com.pramod.Apple-Framework-Module";
				PRODUCT_NAME = "$(TARGET_NAME:c99extidentifier)";
				SKIP_INSTALL = YES;
				SWIFT_EMIT_LOC_STRINGS = YES;
				SWIFT_OPTIMIZATION_LEVEL = "-Onone";
				SWIFT_VERSION = 5.0;
				TARGETED_DEVICE_FAMILY = "1,2";
			};
			name = Debug;
		};
		D8C7D8AD2B4B0F8A00A7B974 /* Release */ = {
			isa = XCBuildConfiguration;
			buildSettings = {
				CLANG_ENABLE_MODULES = YES;
				CODE_SIGN_STYLE = Automatic;
				CURRENT_PROJECT_VERSION = 1;
				DEFINES_MODULE = YES;
				DYLIB_COMPATIBILITY_VERSION = 1;
				DYLIB_CURRENT_VERSION = 1;
				DYLIB_INSTALL_NAME_BASE = "@rpath";
				ENABLE_MODULE_VERIFIER = YES;
				GENERATE_INFOPLIST_FILE = YES;
				INFOPLIST_KEY_NSHumanReadableCopyright = "";
				INSTALL_PATH = "$(LOCAL_LIBRARY_DIR)/Frameworks";
				LD_RUNPATH_SEARCH_PATHS = (
					"$(inherited)",
					"@executable_path/Frameworks",
					"@loader_path/Frameworks",
				);
				MARKETING_VERSION = 1.0;
				MODULE_VERIFIER_SUPPORTED_LANGUAGES = "objective-c objective-c++";
				MODULE_VERIFIER_SUPPORTED_LANGUAGE_STANDARDS = "gnu17 gnu++20";
				PRODUCT_BUNDLE_IDENTIFIER = "com.pramod.Apple-Framework-Module";
				PRODUCT_NAME = "$(TARGET_NAME:c99extidentifier)";
				SKIP_INSTALL = YES;
				SWIFT_EMIT_LOC_STRINGS = YES;
				SWIFT_VERSION = 5.0;
				TARGETED_DEVICE_FAMILY = "1,2";
			};
			name = Release;
		};
/* End XCBuildConfiguration section */

/* Begin XCConfigurationList section */
		D8C7D89E2B4B0F8A00A7B974 /* Build configuration list for PBXProject "Apple-Framework-Module" */ = {
			isa = XCConfigurationList;
			buildConfigurations = (
				D8C7D8A92B4B0F8A00A7B974 /* Debug */,
				D8C7D8AA2B4B0F8A00A7B974 /* Release */,
			);
			defaultConfigurationIsVisible = 0;
			defaultConfigurationName = Release;
		};
		D8C7D8AB2B4B0F8A00A7B974 /* Build configuration list for PBXNativeTarget "Apple-Framework-Module" */ = {
			isa = XCConfigurationList;
			buildConfigurations = (
				D8C7D8AC2B4B0F8A00A7B974 /* Debug */,
				D8C7D8AD2B4B0F8A00A7B974 /* Release */,
			);
			defaultConfigurationIsVisible = 0;
			defaultConfigurationName = Release;
		};
/* End XCConfigurationList section */
	};
	rootObject = D8C7D89B2B4B0F8A00A7B974 /* Project object */;
}
